
Microsoft Visual Studio Solution File, Format Version 12.00
# Visual Studio Version 16
VisualStudioVersion = 16.0.30907.101
MinimumVisualStudioVersion = 10.0.40219.1
Project("{FAE04EC0-301F-11D3-BF4B-00C04F79EFBC}") = "Practical_MissionControl", "Practical_MissionControl\Practical_MissionControl.csproj", "{222AAD0A-6D66-4462-8E64-0E3FB93BDF28}"
EndProject
Global
	GlobalSection(SolutionConfigurationPlatforms) = preSolution
		Debug|Any CPU = Debug|Any CPU
		Release|Any CPU = Release|Any CPU
	EndGlobalSection
	GlobalSection(ProjectConfigurationPlatforms) = postSolution
		{222AAD0A-6D66-4462-8E64-0E3FB93BDF28}.Debug|Any CPU.ActiveCfg = Debug|Any CPU
		{222AAD0A-6D66-4462-8E64-0E3FB93BDF28}.Debug|Any CPU.Build.0 = Debug|Any CPU
		{222AAD0A-6D66-4462-8E64-0E3FB93BDF28}.Release|Any CPU.ActiveCfg = Release|Any CPU
		{222AAD0A-6D66-4462-8E64-0E3FB93BDF28}.Release|Any CPU.Build.0 = Release|Any CPU
	EndGlobalSection
	GlobalSection(SolutionProperties) = preSolution
		HideSolutionNode = FALSE
	EndGlobalSection
	GlobalSection(ExtensibilityGlobals) = postSolution
		SolutionGuid = {E12ACCBD-211C-41C3-9B5A-EF56D2C730C6}
	EndGlobalSection
EndGlobal
