
Microsoft Visual Studio Solution File, Format Version 12.00
# Visual Studio Version 17
VisualStudioVersion = 17.9.34723.18
MinimumVisualStudioVersion = 10.0.40219.1
Project("{9A19103F-16F7-4668-BE54-9A1E7A4F7556}") = "StreamSageWAD", "Presentation Layer\WAD Web App\StreamSageWAD.csproj", "{F1505E24-A7C6-4C98-8270-EC412A2CD8E2}"
EndProject
Project("{9A19103F-16F7-4668-BE54-9A1E7A4F7556}") = "DataAccessLibrary", "Data Access Code Layer\DataAccessLibrary\DataAccessLibrary.csproj", "{0A4DFD89-29D1-4AF1-BC8C-94F524BE6F0E}"
EndProject
Project("{9A19103F-16F7-4668-BE54-9A1E7A4F7556}") = "LogicClassLibrary", "Logic Code Layer\LogicClassLibrary\LogicClassLibrary.csproj", "{39F0883C-69C6-420C-99B3-F7A32D011D97}"
EndProject
Project("{9A19103F-16F7-4668-BE54-9A1E7A4F7556}") = "DTOs", "DTOs\DTOs.csproj", "{7CA0A414-F4BB-44DA-8DC9-C25564065AD5}"
EndProject
Project("{9A19103F-16F7-4668-BE54-9A1E7A4F7556}") = "UnitTests", "UnitTests\UnitTests.csproj", "{4F03FEF2-E5C7-4D5B-B444-A3154E87BF81}"
EndProject
Global
	GlobalSection(SolutionConfigurationPlatforms) = preSolution
		Debug|Any CPU = Debug|Any CPU
		Release|Any CPU = Release|Any CPU
	EndGlobalSection
	GlobalSection(ProjectConfigurationPlatforms) = postSolution
		{F1505E24-A7C6-4C98-8270-EC412A2CD8E2}.Debug|Any CPU.ActiveCfg = Debug|Any CPU
		{F1505E24-A7C6-4C98-8270-EC412A2CD8E2}.Debug|Any CPU.Build.0 = Debug|Any CPU
		{F1505E24-A7C6-4C98-8270-EC412A2CD8E2}.Release|Any CPU.ActiveCfg = Release|Any CPU
		{F1505E24-A7C6-4C98-8270-EC412A2CD8E2}.Release|Any CPU.Build.0 = Release|Any CPU
		{0A4DFD89-29D1-4AF1-BC8C-94F524BE6F0E}.Debug|Any CPU.ActiveCfg = Debug|Any CPU
		{0A4DFD89-29D1-4AF1-BC8C-94F524BE6F0E}.Debug|Any CPU.Build.0 = Debug|Any CPU
		{0A4DFD89-29D1-4AF1-BC8C-94F524BE6F0E}.Release|Any CPU.ActiveCfg = Release|Any CPU
		{0A4DFD89-29D1-4AF1-BC8C-94F524BE6F0E}.Release|Any CPU.Build.0 = Release|Any CPU
		{39F0883C-69C6-420C-99B3-F7A32D011D97}.Debug|Any CPU.ActiveCfg = Debug|Any CPU
		{39F0883C-69C6-420C-99B3-F7A32D011D97}.Debug|Any CPU.Build.0 = Debug|Any CPU
		{39F0883C-69C6-420C-99B3-F7A32D011D97}.Release|Any CPU.ActiveCfg = Release|Any CPU
		{39F0883C-69C6-420C-99B3-F7A32D011D97}.Release|Any CPU.Build.0 = Release|Any CPU
		{7CA0A414-F4BB-44DA-8DC9-C25564065AD5}.Debug|Any CPU.ActiveCfg = Debug|Any CPU
		{7CA0A414-F4BB-44DA-8DC9-C25564065AD5}.Debug|Any CPU.Build.0 = Debug|Any CPU
		{7CA0A414-F4BB-44DA-8DC9-C25564065AD5}.Release|Any CPU.ActiveCfg = Release|Any CPU
		{7CA0A414-F4BB-44DA-8DC9-C25564065AD5}.Release|Any CPU.Build.0 = Release|Any CPU
		{4F03FEF2-E5C7-4D5B-B444-A3154E87BF81}.Debug|Any CPU.ActiveCfg = Debug|Any CPU
		{4F03FEF2-E5C7-4D5B-B444-A3154E87BF81}.Debug|Any CPU.Build.0 = Debug|Any CPU
		{4F03FEF2-E5C7-4D5B-B444-A3154E87BF81}.Release|Any CPU.ActiveCfg = Release|Any CPU
		{4F03FEF2-E5C7-4D5B-B444-A3154E87BF81}.Release|Any CPU.Build.0 = Release|Any CPU
	EndGlobalSection
	GlobalSection(SolutionProperties) = preSolution
		HideSolutionNode = FALSE
	EndGlobalSection
	GlobalSection(ExtensibilityGlobals) = postSolution
		SolutionGuid = {D33B0415-38AA-4D57-A936-A512CC600BCE}
	EndGlobalSection
EndGlobal
