
Microsoft Visual Studio Solution File, Format Version 12.00
# Visual Studio Version 17
VisualStudioVersion = 17.9.34622.214
MinimumVisualStudioVersion = 10.0.40219.1
Project("{9A19103F-16F7-4668-BE54-9A1E7A4F7556}") = "DesktopApp", "DesktopApp.csproj", "{7B89AC1E-0E9D-4CE9-9898-FF58B3041082}"
EndProject
Project("{9A19103F-16F7-4668-BE54-9A1E7A4F7556}") = "LogicClassLibrary", "..\..\..\Logic Code Layer\LogicClassLibrary\LogicClassLibrary.csproj", "{C409C7FD-18AA-47DB-8E36-BB9C00A82637}"
EndProject
Project("{9A19103F-16F7-4668-BE54-9A1E7A4F7556}") = "DataAccessLibrary", "..\..\..\Data Access Code Layer\DataAccessLibrary\DataAccessLibrary.csproj", "{652A3297-301D-4C6F-BAB8-06A5A9B0BC92}"
EndProject
Global
	GlobalSection(SolutionConfigurationPlatforms) = preSolution
		Debug|Any CPU = Debug|Any CPU
		Release|Any CPU = Release|Any CPU
	EndGlobalSection
	GlobalSection(ProjectConfigurationPlatforms) = postSolution
		{7B89AC1E-0E9D-4CE9-9898-FF58B3041082}.Debug|Any CPU.ActiveCfg = Debug|Any CPU
		{7B89AC1E-0E9D-4CE9-9898-FF58B3041082}.Debug|Any CPU.Build.0 = Debug|Any CPU
		{7B89AC1E-0E9D-4CE9-9898-FF58B3041082}.Release|Any CPU.ActiveCfg = Release|Any CPU
		{7B89AC1E-0E9D-4CE9-9898-FF58B3041082}.Release|Any CPU.Build.0 = Release|Any CPU
		{C409C7FD-18AA-47DB-8E36-BB9C00A82637}.Debug|Any CPU.ActiveCfg = Debug|Any CPU
		{C409C7FD-18AA-47DB-8E36-BB9C00A82637}.Debug|Any CPU.Build.0 = Debug|Any CPU
		{C409C7FD-18AA-47DB-8E36-BB9C00A82637}.Release|Any CPU.ActiveCfg = Release|Any CPU
		{C409C7FD-18AA-47DB-8E36-BB9C00A82637}.Release|Any CPU.Build.0 = Release|Any CPU
		{652A3297-301D-4C6F-BAB8-06A5A9B0BC92}.Debug|Any CPU.ActiveCfg = Debug|Any CPU
		{652A3297-301D-4C6F-BAB8-06A5A9B0BC92}.Debug|Any CPU.Build.0 = Debug|Any CPU
		{652A3297-301D-4C6F-BAB8-06A5A9B0BC92}.Release|Any CPU.ActiveCfg = Release|Any CPU
		{652A3297-301D-4C6F-BAB8-06A5A9B0BC92}.Release|Any CPU.Build.0 = Release|Any CPU
	EndGlobalSection
	GlobalSection(SolutionProperties) = preSolution
		HideSolutionNode = FALSE
	EndGlobalSection
	GlobalSection(ExtensibilityGlobals) = postSolution
		SolutionGuid = {800F4AC0-6A59-4F06-A0F0-01CDDBCA101C}
	EndGlobalSection
EndGlobal
